[root]
name = "xi-rope-fuzz"
version = "0.0.1"
dependencies = [
 "libfuzzer-sys 0.1.0 (git+https://github.com/rust-fuzz/libfuzzer-sys.git)",
 "xi-rope 0.2.0",
]

[[package]]
name = "bytecount"
version = "0.1.6"
source = "registry+https://github.com/rust-lang/crates.io-index"

[[package]]
name = "gcc"
version = "0.3.46"
source = "registry+https://github.com/rust-lang/crates.io-index"

[[package]]
name = "libc"
version = "0.2.22"
source = "registry+https://github.com/rust-lang/crates.io-index"

[[package]]
name = "libfuzzer-sys"
version = "0.1.0"
source = "git+https://github.com/rust-fuzz/libfuzzer-sys.git#36a3928eef5c3c38eb0f251962395bb510c39d46"
dependencies = [
 "gcc 0.3.46 (registry+https://github.com/rust-lang/crates.io-index)",
]

[[package]]
name = "memchr"
version = "1.0.1"
source = "registry+https://github.com/rust-lang/crates.io-index"
dependencies = [
 "libc 0.2.22 (registry+https://github.com/rust-lang/crates.io-index)",
]

[[package]]
name = "xi-rope"
version = "0.2.0"
dependencies = [
 "bytecount 0.1.6 (registry+https://github.com/rust-lang/crates.io-index)",
 "memchr 1.0.1 (registry+https://github.com/rust-lang/crates.io-index)",
]

[metadata]
"checksum bytecount 0.1.6 (registry+https://github.com/rust-lang/crates.io-index)" = "1e8f09fbc8c6726a4b616dcfbd4f54491068d6bb1b93ac03c78ac18ff9a5924a"
"checksum gcc 0.3.46 (registry+https://github.com/rust-lang/crates.io-index)" = "181e3cebba1d663bd92eb90e2da787e10597e027eb00de8d742b260a7850948f"
"checksum libc 0.2.22 (registry+https://github.com/rust-lang/crates.io-index)" = "babb8281da88cba992fa1f4ddec7d63ed96280a1a53ec9b919fd37b53d71e502"
"checksum libfuzzer-sys 0.1.0 (git+https://github.com/rust-fuzz/libfuzzer-sys.git)" = "<none>"
"checksum memchr 1.0.1 (registry+https://github.com/rust-lang/crates.io-index)" = "1dbccc0e46f1ea47b9f17e6d67c5a96bd27030519c519c9c91327e31275a47b4"
