// !$*UTF8*$!
{
	archiveVersion = 1;
	classes = {
	};
	objectVersion = 46;
	objects = {

/* Begin PBXBuildFile section */
		50370A2B1D4209F300EA1B18 /* Dispatcher.swift in Sources */ = {isa = PBXBuildFile; fileRef = 50370A2A1D4209F300EA1B18 /* Dispatcher.swift */; };
		AE0243F61E4BDF8A00641BDA /* StyleMap.swift in Sources */ = {isa = PBXBuildFile; fileRef = AE0243F51E4BDF8A00641BDA /* StyleMap.swift */; };
		AE041BA61D4327EB0069AB8B /* xi-syntect-plugin in Resources */ = {isa = PBXBuildFile; fileRef = AE041BA51D4327EB0069AB8B /* xi-syntect-plugin */; };
		AE168C5C1E4AD87B008249AE /* LineCache.swift in Sources */ = {isa = PBXBuildFile; fileRef = AE168C5B1E4AD87B008249AE /* LineCache.swift */; };
		AE228F5D1C897CE7000E9B0F /* xi-core in Resources */ = {isa = PBXBuildFile; fileRef = AE228F5C1C897CE7000E9B0F /* xi-core */; };
		AE499DD01C82BB2B002D68AF /* AppDelegate.swift in Sources */ = {isa = PBXBuildFile; fileRef = AE499DCF1C82BB2B002D68AF /* AppDelegate.swift */; };
		AE499DD21C82BB2B002D68AF /* Assets.xcassets in Resources */ = {isa = PBXBuildFile; fileRef = AE499DD11C82BB2B002D68AF /* Assets.xcassets */; };
		AE499DE01C82BB2B002D68AF /* XiEditorTests.swift in Sources */ = {isa = PBXBuildFile; fileRef = AE499DDF1C82BB2B002D68AF /* XiEditorTests.swift */; };
		AE499DEB1C82BB2B002D68AF /* XiEditorUITests.swift in Sources */ = {isa = PBXBuildFile; fileRef = AE499DEA1C82BB2B002D68AF /* XiEditorUITests.swift */; };
		AE499DF91C82C835002D68AF /* CoreConnection.swift in Sources */ = {isa = PBXBuildFile; fileRef = AE499DF81C82C835002D68AF /* CoreConnection.swift */; };
		AEB66A791CAEFC8F002F686A /* ShadowView.swift in Sources */ = {isa = PBXBuildFile; fileRef = AEB66A781CAEFC8F002F686A /* ShadowView.swift */; };
		AEBAAA651C83BB1A005637A3 /* python in Resources */ = {isa = PBXBuildFile; fileRef = AEBAAA601C83B503005637A3 /* python */; };
		AED23F181C83CBED002246CE /* EditView.swift in Sources */ = {isa = PBXBuildFile; fileRef = AED23F171C83CBEC002246CE /* EditView.swift */; };
		F53EA2AD1DCAA8110071ACFD /* Main.storyboard in Resources */ = {isa = PBXBuildFile; fileRef = F53EA2AC1DCAA8110071ACFD /* Main.storyboard */; };
		F53EA2AF1DCAAA170071ACFD /* EditViewController.swift in Sources */ = {isa = PBXBuildFile; fileRef = F53EA2AE1DCAAA170071ACFD /* EditViewController.swift */; };
		F5BDBF371DCA9D2C0042430B /* Document.swift in Sources */ = {isa = PBXBuildFile; fileRef = F5BDBF361DCA9D2C0042430B /* Document.swift */; };
/* End PBXBuildFile section */

/* Begin PBXContainerItemProxy section */
		AE499DDC1C82BB2B002D68AF /* PBXContainerItemProxy */ = {
			isa = PBXContainerItemProxy;
			containerPortal = AE499DC41C82BB2B002D68AF /* Project object */;
			proxyType = 1;
			remoteGlobalIDString = AE499DCB1C82BB2B002D68AF;
			remoteInfo = XiEditor;
		};
		AE499DE71C82BB2B002D68AF /* PBXContainerItemProxy */ = {
			isa = PBXContainerItemProxy;
			containerPortal = AE499DC41C82BB2B002D68AF /* Project object */;
			proxyType = 1;
			remoteGlobalIDString = AE499DCB1C82BB2B002D68AF;
			remoteInfo = XiEditor;
		};
		D023DA041CD072400087EC0A /* PBXContainerItemProxy */ = {
			isa = PBXContainerItemProxy;
			containerPortal = AE499DC41C82BB2B002D68AF /* Project object */;
			proxyType = 1;
			remoteGlobalIDString = D023D9FE1CD0715E0087EC0A;
			remoteInfo = xicore;
		};
/* End PBXContainerItemProxy section */

/* Begin PBXFileReference section */
		50370A2A1D4209F300EA1B18 /* Dispatcher.swift */ = {isa = PBXFileReference; fileEncoding = 4; lastKnownFileType = sourcecode.swift; path = Dispatcher.swift; sourceTree = "<group>"; };
		AE0243F51E4BDF8A00641BDA /* StyleMap.swift */ = {isa = PBXFileReference; fileEncoding = 4; lastKnownFileType = sourcecode.swift; path = StyleMap.swift; sourceTree = "<group>"; };
		AE041B971D4323460069AB8B /* build-rust-xcode.sh */ = {isa = PBXFileReference; fileEncoding = 4; lastKnownFileType = text.script.sh; path = "build-rust-xcode.sh"; sourceTree = "<group>"; };
		AE041BA51D4327EB0069AB8B /* xi-syntect-plugin */ = {isa = PBXFileReference; lastKnownFileType = "compiled.mach-o.executable"; path = "xi-syntect-plugin"; sourceTree = BUILT_PRODUCTS_DIR; };
		AE168C5B1E4AD87B008249AE /* LineCache.swift */ = {isa = PBXFileReference; fileEncoding = 4; lastKnownFileType = sourcecode.swift; path = LineCache.swift; sourceTree = "<group>"; };
		AE228F5C1C897CE7000E9B0F /* xi-core */ = {isa = PBXFileReference; lastKnownFileType = text; path = "xi-core"; sourceTree = BUILT_PRODUCTS_DIR; };
		AE499DCC1C82BB2B002D68AF /* XiEditor.app */ = {isa = PBXFileReference; explicitFileType = wrapper.application; includeInIndex = 0; path = XiEditor.app; sourceTree = BUILT_PRODUCTS_DIR; };
		AE499DCF1C82BB2B002D68AF /* AppDelegate.swift */ = {isa = PBXFileReference; lastKnownFileType = sourcecode.swift; path = AppDelegate.swift; sourceTree = "<group>"; };
		AE499DD11C82BB2B002D68AF /* Assets.xcassets */ = {isa = PBXFileReference; lastKnownFileType = folder.assetcatalog; path = Assets.xcassets; sourceTree = "<group>"; };
		AE499DD61C82BB2B002D68AF /* Info.plist */ = {isa = PBXFileReference; lastKnownFileType = text.plist.xml; path = Info.plist; sourceTree = "<group>"; };
		AE499DDB1C82BB2B002D68AF /* XiEditorTests.xctest */ = {isa = PBXFileReference; explicitFileType = wrapper.cfbundle; includeInIndex = 0; path = XiEditorTests.xctest; sourceTree = BUILT_PRODUCTS_DIR; };
		AE499DDF1C82BB2B002D68AF /* XiEditorTests.swift */ = {isa = PBXFileReference; lastKnownFileType = sourcecode.swift; path = XiEditorTests.swift; sourceTree = "<group>"; };
		AE499DE11C82BB2B002D68AF /* Info.plist */ = {isa = PBXFileReference; lastKnownFileType = text.plist.xml; path = Info.plist; sourceTree = "<group>"; };
		AE499DE61C82BB2B002D68AF /* XiEditorUITests.xctest */ = {isa = PBXFileReference; explicitFileType = wrapper.cfbundle; includeInIndex = 0; path = XiEditorUITests.xctest; sourceTree = BUILT_PRODUCTS_DIR; };
		AE499DEA1C82BB2B002D68AF /* XiEditorUITests.swift */ = {isa = PBXFileReference; lastKnownFileType = sourcecode.swift; path = XiEditorUITests.swift; sourceTree = "<group>"; };
		AE499DEC1C82BB2B002D68AF /* Info.plist */ = {isa = PBXFileReference; lastKnownFileType = text.plist.xml; path = Info.plist; sourceTree = "<group>"; };
		AE499DF81C82C835002D68AF /* CoreConnection.swift */ = {isa = PBXFileReference; fileEncoding = 4; lastKnownFileType = sourcecode.swift; path = CoreConnection.swift; sourceTree = "<group>"; };
		AEB66A781CAEFC8F002F686A /* ShadowView.swift */ = {isa = PBXFileReference; fileEncoding = 4; lastKnownFileType = sourcecode.swift; path = ShadowView.swift; sourceTree = "<group>"; };
		AEBAAA601C83B503005637A3 /* python */ = {isa = PBXFileReference; lastKnownFileType = folder; path = python; sourceTree = "<group>"; };
		AED23F171C83CBEC002246CE /* EditView.swift */ = {isa = PBXFileReference; fileEncoding = 4; lastKnownFileType = sourcecode.swift; path = EditView.swift; sourceTree = "<group>"; };
		F53EA2AC1DCAA8110071ACFD /* Main.storyboard */ = {isa = PBXFileReference; fileEncoding = 4; lastKnownFileType = file.storyboard; path = Main.storyboard; sourceTree = "<group>"; };
		F53EA2AE1DCAAA170071ACFD /* EditViewController.swift */ = {isa = PBXFileReference; fileEncoding = 4; lastKnownFileType = sourcecode.swift; path = EditViewController.swift; sourceTree = "<group>"; };
		F5BDBF361DCA9D2C0042430B /* Document.swift */ = {isa = PBXFileReference; fileEncoding = 4; lastKnownFileType = sourcecode.swift; path = Document.swift; sourceTree = "<group>"; };
/* End PBXFileReference section */

/* Begin PBXFrameworksBuildPhase section */
		AE499DC91C82BB2B002D68AF /* Frameworks */ = {
			isa = PBXFrameworksBuildPhase;
			buildActionMask = 2147483647;
			files = (
			);
			runOnlyForDeploymentPostprocessing = 0;
		};
		AE499DD81C82BB2B002D68AF /* Frameworks */ = {
			isa = PBXFrameworksBuildPhase;
			buildActionMask = 2147483647;
			files = (
			);
			runOnlyForDeploymentPostprocessing = 0;
		};
		AE499DE31C82BB2B002D68AF /* Frameworks */ = {
			isa = PBXFrameworksBuildPhase;
			buildActionMask = 2147483647;
			files = (
			);
			runOnlyForDeploymentPostprocessing = 0;
		};
/* End PBXFrameworksBuildPhase section */

/* Begin PBXGroup section */
		AE499DC31C82BB2B002D68AF = {
			isa = PBXGroup;
			children = (
				AEBAAA601C83B503005637A3 /* python */,
				D023DA021CD071B40087EC0A /* xicore */,
				AE499DCE1C82BB2B002D68AF /* XiEditor */,
				AE499DDE1C82BB2B002D68AF /* XiEditorTests */,
				AE499DE91C82BB2B002D68AF /* XiEditorUITests */,
				AE499DCD1C82BB2B002D68AF /* Products */,
			);
			sourceTree = "<group>";
		};
		AE499DCD1C82BB2B002D68AF /* Products */ = {
			isa = PBXGroup;
			children = (
				AE499DCC1C82BB2B002D68AF /* XiEditor.app */,
				AE499DDB1C82BB2B002D68AF /* XiEditorTests.xctest */,
				AE499DE61C82BB2B002D68AF /* XiEditorUITests.xctest */,
			);
			name = Products;
			sourceTree = "<group>";
		};
		AE499DCE1C82BB2B002D68AF /* XiEditor */ = {
			isa = PBXGroup;
			children = (
				F53EA2AE1DCAAA170071ACFD /* EditViewController.swift */,
				AE499DCF1C82BB2B002D68AF /* AppDelegate.swift */,
				AED23F171C83CBEC002246CE /* EditView.swift */,
				AEB66A781CAEFC8F002F686A /* ShadowView.swift */,
				AE499DF81C82C835002D68AF /* CoreConnection.swift */,
				AE499DD11C82BB2B002D68AF /* Assets.xcassets */,
				50370A2A1D4209F300EA1B18 /* Dispatcher.swift */,
				AE499DD61C82BB2B002D68AF /* Info.plist */,
				F5BDBF361DCA9D2C0042430B /* Document.swift */,
				F53EA2AC1DCAA8110071ACFD /* Main.storyboard */,
				AE168C5B1E4AD87B008249AE /* LineCache.swift */,
				AE0243F51E4BDF8A00641BDA /* StyleMap.swift */,
			);
			path = XiEditor;
			sourceTree = "<group>";
		};
		AE499DDE1C82BB2B002D68AF /* XiEditorTests */ = {
			isa = PBXGroup;
			children = (
				AE499DDF1C82BB2B002D68AF /* XiEditorTests.swift */,
				AE499DE11C82BB2B002D68AF /* Info.plist */,
			);
			path = XiEditorTests;
			sourceTree = "<group>";
		};
		AE499DE91C82BB2B002D68AF /* XiEditorUITests */ = {
			isa = PBXGroup;
			children = (
				AE499DEA1C82BB2B002D68AF /* XiEditorUITests.swift */,
				AE499DEC1C82BB2B002D68AF /* Info.plist */,
			);
			path = XiEditorUITests;
			sourceTree = "<group>";
		};
		D023DA021CD071B40087EC0A /* xicore */ = {
			isa = PBXGroup;
			children = (
				AE041B971D4323460069AB8B /* build-rust-xcode.sh */,
				AE228F5C1C897CE7000E9B0F /* xi-core */,
				AE041BA51D4327EB0069AB8B /* xi-syntect-plugin */,
			);
			name = xicore;
			sourceTree = "<group>";
		};
/* End PBXGroup section */

/* Begin PBXLegacyTarget section */
		D023D9FE1CD0715E0087EC0A /* xicore */ = {
			isa = PBXLegacyTarget;
			buildArgumentsString = "\"$(SRCROOT)/build-rust-xcode.sh\"";
			buildConfigurationList = D023DA011CD0715E0087EC0A /* Build configuration list for PBXLegacyTarget "xicore" */;
			buildPhases = (
			);
			buildToolPath = /bin/bash;
			buildWorkingDirectory = rust;
			dependencies = (
			);
			name = xicore;
			passBuildSettingsInEnvironment = 1;
			productName = xicore;
		};
/* End PBXLegacyTarget section */

/* Begin PBXNativeTarget section */
		AE499DCB1C82BB2B002D68AF /* XiEditor */ = {
			isa = PBXNativeTarget;
			buildConfigurationList = AE499DEF1C82BB2B002D68AF /* Build configuration list for PBXNativeTarget "XiEditor" */;
			buildPhases = (
				AE499DC81C82BB2B002D68AF /* Sources */,
				AE499DC91C82BB2B002D68AF /* Frameworks */,
				AE499DCA1C82BB2B002D68AF /* Resources */,
			);
			buildRules = (
			);
			dependencies = (
				D023DA051CD072400087EC0A /* PBXTargetDependency */,
			);
			name = XiEditor;
			productName = XiEditor;
			productReference = AE499DCC1C82BB2B002D68AF /* XiEditor.app */;
			productType = "com.apple.product-type.application";
		};
		AE499DDA1C82BB2B002D68AF /* XiEditorTests */ = {
			isa = PBXNativeTarget;
			buildConfigurationList = AE499DF21C82BB2B002D68AF /* Build configuration list for PBXNativeTarget "XiEditorTests" */;
			buildPhases = (
				AE499DD71C82BB2B002D68AF /* Sources */,
				AE499DD81C82BB2B002D68AF /* Frameworks */,
				AE499DD91C82BB2B002D68AF /* Resources */,
			);
			buildRules = (
			);
			dependencies = (
				AE499DDD1C82BB2B002D68AF /* PBXTargetDependency */,
			);
			name = XiEditorTests;
			productName = XiEditorTests;
			productReference = AE499DDB1C82BB2B002D68AF /* XiEditorTests.xctest */;
			productType = "com.apple.product-type.bundle.unit-test";
		};
		AE499DE51C82BB2B002D68AF /* XiEditorUITests */ = {
			isa = PBXNativeTarget;
			buildConfigurationList = AE499DF51C82BB2B002D68AF /* Build configuration list for PBXNativeTarget "XiEditorUITests" */;
			buildPhases = (
				AE499DE21C82BB2B002D68AF /* Sources */,
				AE499DE31C82BB2B002D68AF /* Frameworks */,
				AE499DE41C82BB2B002D68AF /* Resources */,
			);
			buildRules = (
			);
			dependencies = (
				AE499DE81C82BB2B002D68AF /* PBXTargetDependency */,
			);
			name = XiEditorUITests;
			productName = XiEditorUITests;
			productReference = AE499DE61C82BB2B002D68AF /* XiEditorUITests.xctest */;
			productType = "com.apple.product-type.bundle.ui-testing";
		};
/* End PBXNativeTarget section */

/* Begin PBXProject section */
		AE499DC41C82BB2B002D68AF /* Project object */ = {
			isa = PBXProject;
			attributes = {
				LastSwiftUpdateCheck = 0720;
				LastUpgradeCheck = 0800;
				ORGANIZATIONNAME = "Raph Levien";
				TargetAttributes = {
					AE499DCB1C82BB2B002D68AF = {
						CreatedOnToolsVersion = 7.2;
						LastSwiftMigration = 0820;
					};
					AE499DDA1C82BB2B002D68AF = {
						CreatedOnToolsVersion = 7.2;
						LastSwiftMigration = 0820;
						TestTargetID = AE499DCB1C82BB2B002D68AF;
					};
					AE499DE51C82BB2B002D68AF = {
						CreatedOnToolsVersion = 7.2;
						LastSwiftMigration = 0820;
						TestTargetID = AE499DCB1C82BB2B002D68AF;
					};
					D023D9FE1CD0715E0087EC0A = {
						CreatedOnToolsVersion = 7.3;
					};
				};
			};
			buildConfigurationList = AE499DC71C82BB2B002D68AF /* Build configuration list for PBXProject "XiEditor" */;
			compatibilityVersion = "Xcode 3.2";
			developmentRegion = English;
			hasScannedForEncodings = 0;
			knownRegions = (
				en,
				Base,
			);
			mainGroup = AE499DC31C82BB2B002D68AF;
			productRefGroup = AE499DCD1C82BB2B002D68AF /* Products */;
			projectDirPath = "";
			projectRoot = "";
			targets = (
				AE499DCB1C82BB2B002D68AF /* XiEditor */,
				D023D9FE1CD0715E0087EC0A /* xicore */,
				AE499DDA1C82BB2B002D68AF /* XiEditorTests */,
				AE499DE51C82BB2B002D68AF /* XiEditorUITests */,
			);
		};
/* End PBXProject section */

/* Begin PBXResourcesBuildPhase section */
		AE499DCA1C82BB2B002D68AF /* Resources */ = {
			isa = PBXResourcesBuildPhase;
			buildActionMask = 2147483647;
			files = (
				F53EA2AD1DCAA8110071ACFD /* Main.storyboard in Resources */,
				AE228F5D1C897CE7000E9B0F /* xi-core in Resources */,
				AEBAAA651C83BB1A005637A3 /* python in Resources */,
				AE041BA61D4327EB0069AB8B /* xi-syntect-plugin in Resources */,
				AE499DD21C82BB2B002D68AF /* Assets.xcassets in Resources */,
			);
			runOnlyForDeploymentPostprocessing = 0;
		};
		AE499DD91C82BB2B002D68AF /* Resources */ = {
			isa = PBXResourcesBuildPhase;
			buildActionMask = 2147483647;
			files = (
			);
			runOnlyForDeploymentPostprocessing = 0;
		};
		AE499DE41C82BB2B002D68AF /* Resources */ = {
			isa = PBXResourcesBuildPhase;
			buildActionMask = 2147483647;
			files = (
			);
			runOnlyForDeploymentPostprocessing = 0;
		};
/* End PBXResourcesBuildPhase section */

/* Begin PBXSourcesBuildPhase section */
		AE499DC81C82BB2B002D68AF /* Sources */ = {
			isa = PBXSourcesBuildPhase;
			buildActionMask = 2147483647;
			files = (
				F53EA2AF1DCAAA170071ACFD /* EditViewController.swift in Sources */,
				AE0243F61E4BDF8A00641BDA /* StyleMap.swift in Sources */,
				AE168C5C1E4AD87B008249AE /* LineCache.swift in Sources */,
				AE499DF91C82C835002D68AF /* CoreConnection.swift in Sources */,
				50370A2B1D4209F300EA1B18 /* Dispatcher.swift in Sources */,
				AED23F181C83CBED002246CE /* EditView.swift in Sources */,
				AE499DD01C82BB2B002D68AF /* AppDelegate.swift in Sources */,
				F5BDBF371DCA9D2C0042430B /* Document.swift in Sources */,
				AEB66A791CAEFC8F002F686A /* ShadowView.swift in Sources */,
			);
			runOnlyForDeploymentPostprocessing = 0;
		};
		AE499DD71C82BB2B002D68AF /* Sources */ = {
			isa = PBXSourcesBuildPhase;
			buildActionMask = 2147483647;
			files = (
				AE499DE01C82BB2B002D68AF /* XiEditorTests.swift in Sources */,
			);
			runOnlyForDeploymentPostprocessing = 0;
		};
		AE499DE21C82BB2B002D68AF /* Sources */ = {
			isa = PBXSourcesBuildPhase;
			buildActionMask = 2147483647;
			files = (
				AE499DEB1C82BB2B002D68AF /* XiEditorUITests.swift in Sources */,
			);
			runOnlyForDeploymentPostprocessing = 0;
		};
/* End PBXSourcesBuildPhase section */

/* Begin PBXTargetDependency section */
		AE499DDD1C82BB2B002D68AF /* PBXTargetDependency */ = {
			isa = PBXTargetDependency;
			target = AE499DCB1C82BB2B002D68AF /* XiEditor */;
			targetProxy = AE499DDC1C82BB2B002D68AF /* PBXContainerItemProxy */;
		};
		AE499DE81C82BB2B002D68AF /* PBXTargetDependency */ = {
			isa = PBXTargetDependency;
			target = AE499DCB1C82BB2B002D68AF /* XiEditor */;
			targetProxy = AE499DE71C82BB2B002D68AF /* PBXContainerItemProxy */;
		};
		D023DA051CD072400087EC0A /* PBXTargetDependency */ = {
			isa = PBXTargetDependency;
			target = D023D9FE1CD0715E0087EC0A /* xicore */;
			targetProxy = D023DA041CD072400087EC0A /* PBXContainerItemProxy */;
		};
/* End PBXTargetDependency section */

/* Begin XCBuildConfiguration section */
		AE499DED1C82BB2B002D68AF /* Debug */ = {
			isa = XCBuildConfiguration;
			buildSettings = {
				ALWAYS_SEARCH_USER_PATHS = NO;
				CLANG_CXX_LANGUAGE_STANDARD = "gnu++0x";
				CLANG_CXX_LIBRARY = "libc++";
				CLANG_ENABLE_MODULES = YES;
				CLANG_ENABLE_OBJC_ARC = YES;
				CLANG_WARN_BOOL_CONVERSION = YES;
				CLANG_WARN_CONSTANT_CONVERSION = YES;
				CLANG_WARN_DIRECT_OBJC_ISA_USAGE = YES_ERROR;
				CLANG_WARN_EMPTY_BODY = YES;
				CLANG_WARN_ENUM_CONVERSION = YES;
				CLANG_WARN_INFINITE_RECURSION = YES;
				CLANG_WARN_INT_CONVERSION = YES;
				CLANG_WARN_OBJC_ROOT_CLASS = YES_ERROR;
				CLANG_WARN_SUSPICIOUS_MOVE = YES;
				CLANG_WARN_UNREACHABLE_CODE = YES;
				CLANG_WARN__DUPLICATE_METHOD_MATCH = YES;
				CODE_SIGN_IDENTITY = "-";
				COPY_PHASE_STRIP = NO;
				DEBUG_INFORMATION_FORMAT = dwarf;
				ENABLE_STRICT_OBJC_MSGSEND = YES;
				ENABLE_TESTABILITY = YES;
				GCC_C_LANGUAGE_STANDARD = gnu99;
				GCC_DYNAMIC_NO_PIC = NO;
				GCC_NO_COMMON_BLOCKS = YES;
				GCC_OPTIMIZATION_LEVEL = 0;
				GCC_PREPROCESSOR_DEFINITIONS = (
					"DEBUG=1",
					"$(inherited)",
				);
				GCC_WARN_64_TO_32_BIT_CONVERSION = YES;
				GCC_WARN_ABOUT_RETURN_TYPE = YES_ERROR;
				GCC_WARN_UNDECLARED_SELECTOR = YES;
				GCC_WARN_UNINITIALIZED_AUTOS = YES_AGGRESSIVE;
				GCC_WARN_UNUSED_FUNCTION = YES;
				GCC_WARN_UNUSED_VARIABLE = YES;
				MACOSX_DEPLOYMENT_TARGET = 10.11;
				MTL_ENABLE_DEBUG_INFO = YES;
				ONLY_ACTIVE_ARCH = YES;
				SDKROOT = macosx;
				SWIFT_OPTIMIZATION_LEVEL = "-Onone";
			};
			name = Debug;
		};
		AE499DEE1C82BB2B002D68AF /* Release */ = {
			isa = XCBuildConfiguration;
			buildSettings = {
				ALWAYS_SEARCH_USER_PATHS = NO;
				CLANG_CXX_LANGUAGE_STANDARD = "gnu++0x";
				CLANG_CXX_LIBRARY = "libc++";
				CLANG_ENABLE_MODULES = YES;
				CLANG_ENABLE_OBJC_ARC = YES;
				CLANG_WARN_BOOL_CONVERSION = YES;
				CLANG_WARN_CONSTANT_CONVERSION = YES;
				CLANG_WARN_DIRECT_OBJC_ISA_USAGE = YES_ERROR;
				CLANG_WARN_EMPTY_BODY = YES;
				CLANG_WARN_ENUM_CONVERSION = YES;
				CLANG_WARN_INFINITE_RECURSION = YES;
				CLANG_WARN_INT_CONVERSION = YES;
				CLANG_WARN_OBJC_ROOT_CLASS = YES_ERROR;
				CLANG_WARN_SUSPICIOUS_MOVE = YES;
				CLANG_WARN_UNREACHABLE_CODE = YES;
				CLANG_WARN__DUPLICATE_METHOD_MATCH = YES;
				CODE_SIGN_IDENTITY = "-";
				COPY_PHASE_STRIP = NO;
				DEBUG_INFORMATION_FORMAT = "dwarf-with-dsym";
				ENABLE_NS_ASSERTIONS = NO;
				ENABLE_STRICT_OBJC_MSGSEND = YES;
				GCC_C_LANGUAGE_STANDARD = gnu99;
				GCC_NO_COMMON_BLOCKS = YES;
				GCC_WARN_64_TO_32_BIT_CONVERSION = YES;
				GCC_WARN_ABOUT_RETURN_TYPE = YES_ERROR;
				GCC_WARN_UNDECLARED_SELECTOR = YES;
				GCC_WARN_UNINITIALIZED_AUTOS = YES_AGGRESSIVE;
				GCC_WARN_UNUSED_FUNCTION = YES;
				GCC_WARN_UNUSED_VARIABLE = YES;
				MACOSX_DEPLOYMENT_TARGET = 10.11;
				MTL_ENABLE_DEBUG_INFO = NO;
				SDKROOT = macosx;
				SWIFT_OPTIMIZATION_LEVEL = "-Owholemodule";
			};
			name = Release;
		};
		AE499DF01C82BB2B002D68AF /* Debug */ = {
			isa = XCBuildConfiguration;
			buildSettings = {
				ASSETCATALOG_COMPILER_APPICON_NAME = AppIcon;
				COMBINE_HIDPI_IMAGES = YES;
				INFOPLIST_FILE = XiEditor/Info.plist;
				LD_RUNPATH_SEARCH_PATHS = "$(inherited) @executable_path/../Frameworks";
				PRODUCT_BUNDLE_IDENTIFIER = com.levien.XiEditor;
				PRODUCT_NAME = "$(TARGET_NAME)";
				SWIFT_VERSION = 3.0;
			};
			name = Debug;
		};
		AE499DF11C82BB2B002D68AF /* Release */ = {
			isa = XCBuildConfiguration;
			buildSettings = {
				ASSETCATALOG_COMPILER_APPICON_NAME = AppIcon;
				COMBINE_HIDPI_IMAGES = YES;
				INFOPLIST_FILE = XiEditor/Info.plist;
				LD_RUNPATH_SEARCH_PATHS = "$(inherited) @executable_path/../Frameworks";
				PRODUCT_BUNDLE_IDENTIFIER = com.levien.XiEditor;
				PRODUCT_NAME = "$(TARGET_NAME)";
				SWIFT_VERSION = 3.0;
			};
			name = Release;
		};
		AE499DF31C82BB2B002D68AF /* Debug */ = {
			isa = XCBuildConfiguration;
			buildSettings = {
				BUNDLE_LOADER = "$(TEST_HOST)";
				COMBINE_HIDPI_IMAGES = YES;
				INFOPLIST_FILE = XiEditorTests/Info.plist;
				LD_RUNPATH_SEARCH_PATHS = "$(inherited) @executable_path/../Frameworks @loader_path/../Frameworks";
				PRODUCT_BUNDLE_IDENTIFIER = com.levien.XiEditorTests;
				PRODUCT_NAME = "$(TARGET_NAME)";
				SWIFT_VERSION = 3.0;
				TEST_HOST = "$(BUILT_PRODUCTS_DIR)/XiEditor.app/Contents/MacOS/XiEditor";
			};
			name = Debug;
		};
		AE499DF41C82BB2B002D68AF /* Release */ = {
			isa = XCBuildConfiguration;
			buildSettings = {
				BUNDLE_LOADER = "$(TEST_HOST)";
				COMBINE_HIDPI_IMAGES = YES;
				INFOPLIST_FILE = XiEditorTests/Info.plist;
				LD_RUNPATH_SEARCH_PATHS = "$(inherited) @executable_path/../Frameworks @loader_path/../Frameworks";
				PRODUCT_BUNDLE_IDENTIFIER = com.levien.XiEditorTests;
				PRODUCT_NAME = "$(TARGET_NAME)";
				SWIFT_VERSION = 3.0;
				TEST_HOST = "$(BUILT_PRODUCTS_DIR)/XiEditor.app/Contents/MacOS/XiEditor";
			};
			name = Release;
		};
		AE499DF61C82BB2B002D68AF /* Debug */ = {
			isa = XCBuildConfiguration;
			buildSettings = {
				COMBINE_HIDPI_IMAGES = YES;
				INFOPLIST_FILE = XiEditorUITests/Info.plist;
				LD_RUNPATH_SEARCH_PATHS = "$(inherited) @executable_path/../Frameworks @loader_path/../Frameworks";
				PRODUCT_BUNDLE_IDENTIFIER = com.levien.XiEditorUITests;
				PRODUCT_NAME = "$(TARGET_NAME)";
				SWIFT_VERSION = 3.0;
				TEST_TARGET_NAME = XiEditor;
				USES_XCTRUNNER = YES;
			};
			name = Debug;
		};
		AE499DF71C82BB2B002D68AF /* Release */ = {
			isa = XCBuildConfiguration;
			buildSettings = {
				COMBINE_HIDPI_IMAGES = YES;
				INFOPLIST_FILE = XiEditorUITests/Info.plist;
				LD_RUNPATH_SEARCH_PATHS = "$(inherited) @executable_path/../Frameworks @loader_path/../Frameworks";
				PRODUCT_BUNDLE_IDENTIFIER = com.levien.XiEditorUITests;
				PRODUCT_NAME = "$(TARGET_NAME)";
				SWIFT_VERSION = 3.0;
				TEST_TARGET_NAME = XiEditor;
				USES_XCTRUNNER = YES;
			};
			name = Release;
		};
		D023D9FF1CD0715E0087EC0A /* Debug */ = {
			isa = XCBuildConfiguration;
			buildSettings = {
				PRODUCT_NAME = "$(TARGET_NAME)";
			};
			name = Debug;
		};
		D023DA001CD0715E0087EC0A /* Release */ = {
			isa = XCBuildConfiguration;
			buildSettings = {
				PRODUCT_NAME = "$(TARGET_NAME)";
			};
			name = Release;
		};
/* End XCBuildConfiguration section */

/* Begin XCConfigurationList section */
		AE499DC71C82BB2B002D68AF /* Build configuration list for PBXProject "XiEditor" */ = {
			isa = XCConfigurationList;
			buildConfigurations = (
				AE499DED1C82BB2B002D68AF /* Debug */,
				AE499DEE1C82BB2B002D68AF /* Release */,
			);
			defaultConfigurationIsVisible = 0;
			defaultConfigurationName = Release;
		};
		AE499DEF1C82BB2B002D68AF /* Build configuration list for PBXNativeTarget "XiEditor" */ = {
			isa = XCConfigurationList;
			buildConfigurations = (
				AE499DF01C82BB2B002D68AF /* Debug */,
				AE499DF11C82BB2B002D68AF /* Release */,
			);
			defaultConfigurationIsVisible = 0;
			defaultConfigurationName = Release;
		};
		AE499DF21C82BB2B002D68AF /* Build configuration list for PBXNativeTarget "XiEditorTests" */ = {
			isa = XCConfigurationList;
			buildConfigurations = (
				AE499DF31C82BB2B002D68AF /* Debug */,
				AE499DF41C82BB2B002D68AF /* Release */,
			);
			defaultConfigurationIsVisible = 0;
			defaultConfigurationName = Release;
		};
		AE499DF51C82BB2B002D68AF /* Build configuration list for PBXNativeTarget "XiEditorUITests" */ = {
			isa = XCConfigurationList;
			buildConfigurations = (
				AE499DF61C82BB2B002D68AF /* Debug */,
				AE499DF71C82BB2B002D68AF /* Release */,
			);
			defaultConfigurationIsVisible = 0;
			defaultConfigurationName = Release;
		};
		D023DA011CD0715E0087EC0A /* Build configuration list for PBXLegacyTarget "xicore" */ = {
			isa = XCConfigurationList;
			buildConfigurations = (
				D023D9FF1CD0715E0087EC0A /* Debug */,
				D023DA001CD0715E0087EC0A /* Release */,
			);
			defaultConfigurationIsVisible = 0;
			defaultConfigurationName = Release;
		};
/* End XCConfigurationList section */
	};
	rootObject = AE499DC41C82BB2B002D68AF /* Project object */;
}
